
Microsoft Visual Studio Solution File, Format Version 11.00
# Visual Studio 2010
Project("{FAE04EC0-301F-11D3-BF4B-00C04F79EFBC}") = "NeHe-Lesson3", "NeHe-Lesson3\NeHe-Lesson3.csproj", "{136DFEF0-9754-4030-BD5B-DF0A988B0604}"
EndProject
Global
	GlobalSection(SolutionConfigurationPlatforms) = preSolution
		Debug|iPhoneSimulator = Debug|iPhoneSimulator
		Release|iPhoneSimulator = Release|iPhoneSimulator
		Debug|iPhone = Debug|iPhone
		Release|iPhone = Release|iPhone
	EndGlobalSection
	GlobalSection(ProjectConfigurationPlatforms) = postSolution
		{136DFEF0-9754-4030-BD5B-DF0A988B0604}.Debug|iPhone.ActiveCfg = Debug|iPhone
		{136DFEF0-9754-4030-BD5B-DF0A988B0604}.Debug|iPhone.Build.0 = Debug|iPhone
		{136DFEF0-9754-4030-BD5B-DF0A988B0604}.Debug|iPhoneSimulator.ActiveCfg = Debug|iPhoneSimulator
		{136DFEF0-9754-4030-BD5B-DF0A988B0604}.Debug|iPhoneSimulator.Build.0 = Debug|iPhoneSimulator
		{136DFEF0-9754-4030-BD5B-DF0A988B0604}.Release|iPhone.ActiveCfg = Release|iPhone
		{136DFEF0-9754-4030-BD5B-DF0A988B0604}.Release|iPhone.Build.0 = Release|iPhone
		{136DFEF0-9754-4030-BD5B-DF0A988B0604}.Release|iPhoneSimulator.ActiveCfg = Release|iPhoneSimulator
		{136DFEF0-9754-4030-BD5B-DF0A988B0604}.Release|iPhoneSimulator.Build.0 = Release|iPhoneSimulator
	EndGlobalSection
	GlobalSection(MonoDevelopProperties) = preSolution
		StartupItem = NeHe-Lesson3\NeHe-Lesson3.csproj
	EndGlobalSection
EndGlobal
