
Microsoft Visual Studio Solution File, Format Version 11.00
# Visual Studio 2010
Project("{FAE04EC0-301F-11D3-BF4B-00C04F79EFBC}") = "NeHe-Lesson6", "NeHe-Lesson6\NeHe-Lesson6.csproj", "{5EF59C89-0C8F-4954-B813-FB61DFEC9913}"
EndProject
Global
	GlobalSection(SolutionConfigurationPlatforms) = preSolution
		Debug|iPhoneSimulator = Debug|iPhoneSimulator
		Release|iPhoneSimulator = Release|iPhoneSimulator
		Debug|iPhone = Debug|iPhone
		Release|iPhone = Release|iPhone
	EndGlobalSection
	GlobalSection(ProjectConfigurationPlatforms) = postSolution
		{5EF59C89-0C8F-4954-B813-FB61DFEC9913}.Debug|iPhone.ActiveCfg = Debug|iPhone
		{5EF59C89-0C8F-4954-B813-FB61DFEC9913}.Debug|iPhone.Build.0 = Debug|iPhone
		{5EF59C89-0C8F-4954-B813-FB61DFEC9913}.Debug|iPhoneSimulator.ActiveCfg = Debug|iPhoneSimulator
		{5EF59C89-0C8F-4954-B813-FB61DFEC9913}.Debug|iPhoneSimulator.Build.0 = Debug|iPhoneSimulator
		{5EF59C89-0C8F-4954-B813-FB61DFEC9913}.Release|iPhone.ActiveCfg = Release|iPhone
		{5EF59C89-0C8F-4954-B813-FB61DFEC9913}.Release|iPhone.Build.0 = Release|iPhone
		{5EF59C89-0C8F-4954-B813-FB61DFEC9913}.Release|iPhoneSimulator.ActiveCfg = Release|iPhoneSimulator
		{5EF59C89-0C8F-4954-B813-FB61DFEC9913}.Release|iPhoneSimulator.Build.0 = Release|iPhoneSimulator
	EndGlobalSection
	GlobalSection(MonoDevelopProperties) = preSolution
		StartupItem = NeHe-Lesson6\NeHe-Lesson6.csproj
	EndGlobalSection
EndGlobal
