
Microsoft Visual Studio Solution File, Format Version 11.00
# Visual Studio 2010
Project("{FAE04EC0-301F-11D3-BF4B-00C04F79EFBC}") = "NeHe-Lesson8", "NeHe-Lesson8\NeHe-Lesson8.csproj", "{2F8CEE33-E982-489C-BC52-ACC9D6F8D2B4}"
EndProject
Global
	GlobalSection(SolutionConfigurationPlatforms) = preSolution
		Debug|iPhoneSimulator = Debug|iPhoneSimulator
		Release|iPhoneSimulator = Release|iPhoneSimulator
		Debug|iPhone = Debug|iPhone
		Release|iPhone = Release|iPhone
	EndGlobalSection
	GlobalSection(ProjectConfigurationPlatforms) = postSolution
		{2F8CEE33-E982-489C-BC52-ACC9D6F8D2B4}.Debug|iPhone.ActiveCfg = Debug|iPhone
		{2F8CEE33-E982-489C-BC52-ACC9D6F8D2B4}.Debug|iPhone.Build.0 = Debug|iPhone
		{2F8CEE33-E982-489C-BC52-ACC9D6F8D2B4}.Debug|iPhoneSimulator.ActiveCfg = Debug|iPhoneSimulator
		{2F8CEE33-E982-489C-BC52-ACC9D6F8D2B4}.Debug|iPhoneSimulator.Build.0 = Debug|iPhoneSimulator
		{2F8CEE33-E982-489C-BC52-ACC9D6F8D2B4}.Release|iPhone.ActiveCfg = Release|iPhone
		{2F8CEE33-E982-489C-BC52-ACC9D6F8D2B4}.Release|iPhone.Build.0 = Release|iPhone
		{2F8CEE33-E982-489C-BC52-ACC9D6F8D2B4}.Release|iPhoneSimulator.ActiveCfg = Release|iPhoneSimulator
		{2F8CEE33-E982-489C-BC52-ACC9D6F8D2B4}.Release|iPhoneSimulator.Build.0 = Release|iPhoneSimulator
	EndGlobalSection
	GlobalSection(MonoDevelopProperties) = preSolution
		StartupItem = NeHe-Lesson8\NeHe-Lesson8.csproj
	EndGlobalSection
EndGlobal
